{
  "name": "ajs-npm-libraly",
  "version": "1.0.0",
  "lockfileVersion": 3,
  "requires": true,
  "packages": {
    "": {
      "name": "ajs-npm-libraly",
      "version": "1.0.0",
      "license": "ISC",
      "dependencies": {
        "@kiotobat/ajs": "^1.0.0"
      }
    },
    "node_modules/@kiotobat/ajs": {
      "version": "1.0.0",
      "resolved": "https://npm.pkg.github.com/download/@kiotobat/ajs/1.0.0/8c92af35dcc699140cc5537033663cf2c96ebf07",
      "integrity": "sha512-9F20Koa9H3I1xLFrY8w5lJ4tk8CpYMAVxoFDkUXT+CIIYgn93pGVsnNy/PaZ2aPOUO9aRv404NeZr2AaKo3JAQ=="
    }
  }
}
